github.com/Petatookmykfc/prehnitelogs v0.0.0-20240615162854-d420ca4b020d h1:Z+luj6UpCdWMnXafN2FwR3QBI+iO613/UFI+heT3NYc=
github.com/Petatookmykfc/prehnitelogs v0.0.0-20240615162854-d420ca4b020d/go.mod h1:Z8/DQn1WWGjdqfH5NdGyy3i/Ae7MHN6+XgwIU5eVJkM=
golang.org/x/crypto v0.29.0 h1:L5SG1JTTXupVV3n6sUqMTeWbjAyfPwoda2DLX8J8FrQ=
golang.org/x/crypto v0.29.0/go.mod h1:+F4F4N5hv6v38hfeYwTdx20oUvLLc+QfrE9Ax9HtgRg=
